
Microsoft Visual Studio Solution File, Format Version 12.00
# Blend for Visual Studio Version 16
VisualStudioVersion = 16.0.30717.126
MinimumVisualStudioVersion = 10.0.40219.1
Project("{FAE04EC0-301F-11D3-BF4B-00C04F79EFBC}") = "Cash Widget", "Cash Widget.csproj", "{6EF7A61C-0130-4FAD-8899-8B063B1775FA}"
EndProject
Global
	GlobalSection(SolutionConfigurationPlatforms) = preSolution
		Debug|Any CPU = Debug|Any CPU
		Release|Any CPU = Release|Any CPU
	EndGlobalSection
	GlobalSection(ProjectConfigurationPlatforms) = postSolution
		{6EF7A61C-0130-4FAD-8899-8B063B1775FA}.Debug|Any CPU.ActiveCfg = Debug|Any CPU
		{6EF7A61C-0130-4FAD-8899-8B063B1775FA}.Debug|Any CPU.Build.0 = Debug|Any CPU
		{6EF7A61C-0130-4FAD-8899-8B063B1775FA}.Release|Any CPU.ActiveCfg = Release|Any CPU
		{6EF7A61C-0130-4FAD-8899-8B063B1775FA}.Release|Any CPU.Build.0 = Release|Any CPU
	EndGlobalSection
	GlobalSection(SolutionProperties) = preSolution
		HideSolutionNode = FALSE
	EndGlobalSection
	GlobalSection(ExtensibilityGlobals) = postSolution
		SolutionGuid = {9BB4D39C-589D-4740-9BCC-E72CBE176092}
	EndGlobalSection
EndGlobal
